
Microsoft Visual Studio Solution File, Format Version 12.00
# Visual Studio Version 16
VisualStudioVersion = 16.0.31613.86
MinimumVisualStudioVersion = 10.0.40219.1
Project("{FAE04EC0-301F-11D3-BF4B-00C04F79EFBC}") = "ProjectAlefVinal", "ProjectAlefVinal\ProjectAlefVinal.csproj", "{F6ADB1B6-BED4-4EA6-893E-9AD849D8D9C9}"
EndProject
Project("{FAE04EC0-301F-11D3-BF4B-00C04F79EFBC}") = "DAL", "DAL\DAL.csproj", "{5FAB410E-07F5-430F-A0F9-E303B5923EF8}"
EndProject
Project("{FAE04EC0-301F-11D3-BF4B-00C04F79EFBC}") = "BLL", "BLL\BLL.csproj", "{DA2B4626-4074-401D-99C6-53847240DF6E}"
EndProject
Global
	GlobalSection(SolutionConfigurationPlatforms) = preSolution
		Debug|Any CPU = Debug|Any CPU
		Release|Any CPU = Release|Any CPU
	EndGlobalSection
	GlobalSection(ProjectConfigurationPlatforms) = postSolution
		{F6ADB1B6-BED4-4EA6-893E-9AD849D8D9C9}.Debug|Any CPU.ActiveCfg = Debug|Any CPU
		{F6ADB1B6-BED4-4EA6-893E-9AD849D8D9C9}.Debug|Any CPU.Build.0 = Debug|Any CPU
		{F6ADB1B6-BED4-4EA6-893E-9AD849D8D9C9}.Release|Any CPU.ActiveCfg = Release|Any CPU
		{F6ADB1B6-BED4-4EA6-893E-9AD849D8D9C9}.Release|Any CPU.Build.0 = Release|Any CPU
		{5FAB410E-07F5-430F-A0F9-E303B5923EF8}.Debug|Any CPU.ActiveCfg = Debug|Any CPU
		{5FAB410E-07F5-430F-A0F9-E303B5923EF8}.Debug|Any CPU.Build.0 = Debug|Any CPU
		{5FAB410E-07F5-430F-A0F9-E303B5923EF8}.Release|Any CPU.ActiveCfg = Release|Any CPU
		{5FAB410E-07F5-430F-A0F9-E303B5923EF8}.Release|Any CPU.Build.0 = Release|Any CPU
		{DA2B4626-4074-401D-99C6-53847240DF6E}.Debug|Any CPU.ActiveCfg = Debug|Any CPU
		{DA2B4626-4074-401D-99C6-53847240DF6E}.Debug|Any CPU.Build.0 = Debug|Any CPU
		{DA2B4626-4074-401D-99C6-53847240DF6E}.Release|Any CPU.ActiveCfg = Release|Any CPU
		{DA2B4626-4074-401D-99C6-53847240DF6E}.Release|Any CPU.Build.0 = Release|Any CPU
	EndGlobalSection
	GlobalSection(SolutionProperties) = preSolution
		HideSolutionNode = FALSE
	EndGlobalSection
	GlobalSection(ExtensibilityGlobals) = postSolution
		SolutionGuid = {4C26CC09-E778-4100-BECC-8872CF347FEF}
	EndGlobalSection
EndGlobal
